{
  "name": "graphql",
  "lockfileVersion": 3,
  "requires": true,
  "packages": {
    "": {
      "dependencies": {
        "lodash": "^4.17.21"
      },
      "devDependencies": {
        "@types/micro-cors": "^0.1.3",
        "prettier": "^3.0.1",
        "prisma": "^5.1.0"
      }
    },
    "node_modules/@prisma/engines": {
      "version": "5.1.0",
      "resolved": "https://registry.npmjs.org/@prisma/engines/-/engines-5.1.0.tgz",
      "integrity": "sha512-HqaFsnPmZOdMWkPq6tT2eTVTQyaAXEDdKszcZ4yc7DGMBIYRP6j/zAJTtZUG9SsMV8FaucdL5vRyxY/p5Ni28g==",
      "dev": true,
      "hasInstallScript": true
    },
    "node_modules/@types/micro": {
      "version": "7.3.7",
      "resolved": "https://registry.npmjs.org/@types/micro/-/micro-7.3.7.tgz",
      "integrity": "sha512-MFsX7eCj0Tg3TtphOQvANNvNtFpya+s/rYOCdV6o+DFjOQPFi2EVRbBALjbbgZTXUaJP1Q281MJiJOD40d0UxQ==",
      "dev": true,
      "dependencies": {
        "@types/node": "*"
      }
    },
    "node_modules/@types/micro-cors": {
      "version": "0.1.3",
      "resolved": "https://registry.npmjs.org/@types/micro-cors/-/micro-cors-0.1.3.tgz",
      "integrity": "sha512-f4aMXqEw9YjfdKX87m1LecvZJ2Mhz5maIHXjIvm5K6OTPe9auaTQwaFk4OZYS9zY6zdzfxqs2cEmwJAF7C9Y8A==",
      "dev": true,
      "dependencies": {
        "@types/micro": "^7.3.7"
      }
    },
    "node_modules/@types/node": {
      "version": "20.4.6",
      "resolved": "https://registry.npmjs.org/@types/node/-/node-20.4.6.tgz",
      "integrity": "sha512-q0RkvNgMweWWIvSMDiXhflGUKMdIxBo2M2tYM/0kEGDueQByFzK4KZAgu5YHGFNxziTlppNpTIBcqHQAxlfHdA==",
      "dev": true
    },
    "node_modules/lodash": {
      "version": "4.17.21",
      "resolved": "https://registry.npmjs.org/lodash/-/lodash-4.17.21.tgz",
      "integrity": "sha512-v2kDEe57lecTulaDIuNTPy3Ry4gLGJ6Z1O3vE1krgXZNrsQ+LFTGHVxVjcXPs17LhbZVGedAJv8XZ1tvj5FvSg=="
    },
    "node_modules/prettier": {
      "version": "3.0.1",
      "resolved": "https://registry.npmjs.org/prettier/-/prettier-3.0.1.tgz",
      "integrity": "sha512-fcOWSnnpCrovBsmFZIGIy9UqK2FaI7Hqax+DIO0A9UxeVoY4iweyaFjS5TavZN97Hfehph0nhsZnjlVKzEQSrQ==",
      "dev": true,
      "bin": {
        "prettier": "bin/prettier.cjs"
      },
      "engines": {
        "node": ">=14"
      },
      "funding": {
        "url": "https://github.com/prettier/prettier?sponsor=1"
      }
    },
    "node_modules/prisma": {
      "version": "5.1.0",
      "resolved": "https://registry.npmjs.org/prisma/-/prisma-5.1.0.tgz",
      "integrity": "sha512-wkXvh+6wxk03G8qwpZMOed4Y3j+EQ+bMTlvbDZHeal6k1E8QuGKzRO7DRXlE1NV0WNgOAas8kwZqcLETQ2+BiQ==",
      "dev": true,
      "hasInstallScript": true,
      "dependencies": {
        "@prisma/engines": "5.1.0"
      },
      "bin": {
        "prisma": "build/index.js"
      },
      "engines": {
        "node": ">=16.13"
      }
    }
  }
}
